
Microsoft Visual Studio Solution File, Format Version 12.00
# Visual Studio Version 17
VisualStudioVersion = 17.4.33213.308
MinimumVisualStudioVersion = 10.0.40219.1
Project("{FAE04EC0-301F-11D3-BF4B-00C04F79EFBC}") = "modul6_1302210087", "modul6_1302210087\modul6_1302210087.csproj", "{B01DA725-3CA8-4A6A-83D8-A07785329994}"
EndProject
Global
	GlobalSection(SolutionConfigurationPlatforms) = preSolution
		Debug|Any CPU = Debug|Any CPU
		Release|Any CPU = Release|Any CPU
	EndGlobalSection
	GlobalSection(ProjectConfigurationPlatforms) = postSolution
		{B01DA725-3CA8-4A6A-83D8-A07785329994}.Debug|Any CPU.ActiveCfg = Debug|Any CPU
		{B01DA725-3CA8-4A6A-83D8-A07785329994}.Debug|Any CPU.Build.0 = Debug|Any CPU
		{B01DA725-3CA8-4A6A-83D8-A07785329994}.Release|Any CPU.ActiveCfg = Release|Any CPU
		{B01DA725-3CA8-4A6A-83D8-A07785329994}.Release|Any CPU.Build.0 = Release|Any CPU
	EndGlobalSection
	GlobalSection(SolutionProperties) = preSolution
		HideSolutionNode = FALSE
	EndGlobalSection
	GlobalSection(ExtensibilityGlobals) = postSolution
		SolutionGuid = {557869F3-C51E-4BB0-908F-670BE08B0835}
	EndGlobalSection
EndGlobal
